// !$*UTF8*$!
{
	archiveVersion = 1;
	classes = {
	};
	objectVersion = 46;
	objects = {

/* Begin PBXBuildFile section */
		E2DD2F501AA262A600BB30B8 /* main.m in Sources */ = {isa = PBXBuildFile; fileRef = E2DD2F4F1AA262A600BB30B8 /* main.m */; };
		E2DD2F531AA262A600BB30B8 /* AppDelegate.m in Sources */ = {isa = PBXBuildFile; fileRef = E2DD2F521AA262A600BB30B8 /* AppDelegate.m */; };
		E2DD2F561AA262A600BB30B8 /* BlocNotes.xcdatamodeld in Sources */ = {isa = PBXBuildFile; fileRef = E2DD2F541AA262A600BB30B8 /* BlocNotes.xcdatamodeld */; };
		E2DD2F591AA262A600BB30B8 /* MasterViewController.m in Sources */ = {isa = PBXBuildFile; fileRef = E2DD2F581AA262A600BB30B8 /* MasterViewController.m */; };
		E2DD2F5C1AA262A600BB30B8 /* DetailViewController.m in Sources */ = {isa = PBXBuildFile; fileRef = E2DD2F5B1AA262A600BB30B8 /* DetailViewController.m */; };
		E2DD2F5F1AA262A600BB30B8 /* Main.storyboard in Resources */ = {isa = PBXBuildFile; fileRef = E2DD2F5D1AA262A600BB30B8 /* Main.storyboard */; };
		E2DD2F611AA262A600BB30B8 /* Images.xcassets in Resources */ = {isa = PBXBuildFile; fileRef = E2DD2F601AA262A600BB30B8 /* Images.xcassets */; };
		E2DD2F641AA262A600BB30B8 /* LaunchScreen.xib in Resources */ = {isa = PBXBuildFile; fileRef = E2DD2F621AA262A600BB30B8 /* LaunchScreen.xib */; };
		E2DD2F701AA262A600BB30B8 /* BlocNotesTests.m in Sources */ = {isa = PBXBuildFile; fileRef = E2DD2F6F1AA262A600BB30B8 /* BlocNotesTests.m */; };
		E2DD2F7A1AA262D200BB30B8 /* CoreData.framework in Frameworks */ = {isa = PBXBuildFile; fileRef = E2DD2F791AA262D200BB30B8 /* CoreData.framework */; };
/* End PBXBuildFile section */

/* Begin PBXContainerItemProxy section */
		E2DD2F6A1AA262A600BB30B8 /* PBXContainerItemProxy */ = {
			isa = PBXContainerItemProxy;
			containerPortal = E2DD2F421AA262A600BB30B8 /* Project object */;
			proxyType = 1;
			remoteGlobalIDString = E2DD2F491AA262A600BB30B8;
			remoteInfo = BlocNotes;
		};
/* End PBXContainerItemProxy section */

/* Begin PBXFileReference section */
		E2DD2F4A1AA262A600BB30B8 /* BlocNotes.app */ = {isa = PBXFileReference; explicitFileType = wrapper.application; includeInIndex = 0; path = BlocNotes.app; sourceTree = BUILT_PRODUCTS_DIR; };
		E2DD2F4E1AA262A600BB30B8 /* Info.plist */ = {isa = PBXFileReference; lastKnownFileType = text.plist.xml; path = Info.plist; sourceTree = "<group>"; };
		E2DD2F4F1AA262A600BB30B8 /* main.m */ = {isa = PBXFileReference; lastKnownFileType = sourcecode.c.objc; path = main.m; sourceTree = "<group>"; };
		E2DD2F511AA262A600BB30B8 /* AppDelegate.h */ = {isa = PBXFileReference; lastKnownFileType = sourcecode.c.h; path = AppDelegate.h; sourceTree = "<group>"; };
		E2DD2F521AA262A600BB30B8 /* AppDelegate.m */ = {isa = PBXFileReference; lastKnownFileType = sourcecode.c.objc; path = AppDelegate.m; sourceTree = "<group>"; };
		E2DD2F551AA262A600BB30B8 /* BlocNotes.xcdatamodel */ = {isa = PBXFileReference; lastKnownFileType = wrapper.xcdatamodel; path = BlocNotes.xcdatamodel; sourceTree = "<group>"; };
		E2DD2F571AA262A600BB30B8 /* MasterViewController.h */ = {isa = PBXFileReference; lastKnownFileType = sourcecode.c.h; path = MasterViewController.h; sourceTree = "<group>"; };
		E2DD2F581AA262A600BB30B8 /* MasterViewController.m */ = {isa = PBXFileReference; lastKnownFileType = sourcecode.c.objc; path = MasterViewController.m; sourceTree = "<group>"; };
		E2DD2F5A1AA262A600BB30B8 /* DetailViewController.h */ = {isa = PBXFileReference; lastKnownFileType = sourcecode.c.h; path = DetailViewController.h; sourceTree = "<group>"; };
		E2DD2F5B1AA262A600BB30B8 /* DetailViewController.m */ = {isa = PBXFileReference; lastKnownFileType = sourcecode.c.objc; path = DetailViewController.m; sourceTree = "<group>"; };
		E2DD2F5E1AA262A600BB30B8 /* Base */ = {isa = PBXFileReference; lastKnownFileType = file.storyboard; name = Base; path = Base.lproj/Main.storyboard; sourceTree = "<group>"; };
		E2DD2F601AA262A600BB30B8 /* Images.xcassets */ = {isa = PBXFileReference; lastKnownFileType = folder.assetcatalog; path = Images.xcassets; sourceTree = "<group>"; };
		E2DD2F631AA262A600BB30B8 /* Base */ = {isa = PBXFileReference; lastKnownFileType = file.xib; name = Base; path = Base.lproj/LaunchScreen.xib; sourceTree = "<group>"; };
		E2DD2F691AA262A600BB30B8 /* BlocNotesTests.xctest */ = {isa = PBXFileReference; explicitFileType = wrapper.cfbundle; includeInIndex = 0; path = BlocNotesTests.xctest; sourceTree = BUILT_PRODUCTS_DIR; };
		E2DD2F6E1AA262A600BB30B8 /* Info.plist */ = {isa = PBXFileReference; lastKnownFileType = text.plist.xml; path = Info.plist; sourceTree = "<group>"; };
		E2DD2F6F1AA262A600BB30B8 /* BlocNotesTests.m */ = {isa = PBXFileReference; lastKnownFileType = sourcecode.c.objc; path = BlocNotesTests.m; sourceTree = "<group>"; };
		E2DD2F791AA262D200BB30B8 /* CoreData.framework */ = {isa = PBXFileReference; lastKnownFileType = wrapper.framework; name = CoreData.framework; path = System/Library/Frameworks/CoreData.framework; sourceTree = SDKROOT; };
/* End PBXFileReference section */

/* Begin PBXFrameworksBuildPhase section */
		E2DD2F471AA262A600BB30B8 /* Frameworks */ = {
			isa = PBXFrameworksBuildPhase;
			buildActionMask = 2147483647;
			files = (
				E2DD2F7A1AA262D200BB30B8 /* CoreData.framework in Frameworks */,
			);
			runOnlyForDeploymentPostprocessing = 0;
		};
		E2DD2F661AA262A600BB30B8 /* Frameworks */ = {
			isa = PBXFrameworksBuildPhase;
			buildActionMask = 2147483647;
			files = (
			);
			runOnlyForDeploymentPostprocessing = 0;
		};
/* End PBXFrameworksBuildPhase section */

/* Begin PBXGroup section */
		E2DD2F411AA262A600BB30B8 = {
			isa = PBXGroup;
			children = (
				E2DD2F791AA262D200BB30B8 /* CoreData.framework */,
				E2DD2F4C1AA262A600BB30B8 /* BlocNotes */,
				E2DD2F6C1AA262A600BB30B8 /* BlocNotesTests */,
				E2DD2F4B1AA262A600BB30B8 /* Products */,
			);
			sourceTree = "<group>";
		};
		E2DD2F4B1AA262A600BB30B8 /* Products */ = {
			isa = PBXGroup;
			children = (
				E2DD2F4A1AA262A600BB30B8 /* BlocNotes.app */,
				E2DD2F691AA262A600BB30B8 /* BlocNotesTests.xctest */,
			);
			name = Products;
			sourceTree = "<group>";
		};
		E2DD2F4C1AA262A600BB30B8 /* BlocNotes */ = {
			isa = PBXGroup;
			children = (
				E2DD2F511AA262A600BB30B8 /* AppDelegate.h */,
				E2DD2F521AA262A600BB30B8 /* AppDelegate.m */,
				E2DD2F571AA262A600BB30B8 /* MasterViewController.h */,
				E2DD2F581AA262A600BB30B8 /* MasterViewController.m */,
				E2DD2F5A1AA262A600BB30B8 /* DetailViewController.h */,
				E2DD2F5B1AA262A600BB30B8 /* DetailViewController.m */,
				E2DD2F5D1AA262A600BB30B8 /* Main.storyboard */,
				E2DD2F601AA262A600BB30B8 /* Images.xcassets */,
				E2DD2F621AA262A600BB30B8 /* LaunchScreen.xib */,
				E2DD2F541AA262A600BB30B8 /* BlocNotes.xcdatamodeld */,
				E2DD2F4D1AA262A600BB30B8 /* Supporting Files */,
			);
			path = BlocNotes;
			sourceTree = "<group>";
		};
		E2DD2F4D1AA262A600BB30B8 /* Supporting Files */ = {
			isa = PBXGroup;
			children = (
				E2DD2F4E1AA262A600BB30B8 /* Info.plist */,
				E2DD2F4F1AA262A600BB30B8 /* main.m */,
			);
			name = "Supporting Files";
			sourceTree = "<group>";
		};
		E2DD2F6C1AA262A600BB30B8 /* BlocNotesTests */ = {
			isa = PBXGroup;
			children = (
				E2DD2F6F1AA262A600BB30B8 /* BlocNotesTests.m */,
				E2DD2F6D1AA262A600BB30B8 /* Supporting Files */,
			);
			path = BlocNotesTests;
			sourceTree = "<group>";
		};
		E2DD2F6D1AA262A600BB30B8 /* Supporting Files */ = {
			isa = PBXGroup;
			children = (
				E2DD2F6E1AA262A600BB30B8 /* Info.plist */,
			);
			name = "Supporting Files";
			sourceTree = "<group>";
		};
/* End PBXGroup section */

/* Begin PBXNativeTarget section */
		E2DD2F491AA262A600BB30B8 /* BlocNotes */ = {
			isa = PBXNativeTarget;
			buildConfigurationList = E2DD2F731AA262A600BB30B8 /* Build configuration list for PBXNativeTarget "BlocNotes" */;
			buildPhases = (
				E2DD2F461AA262A600BB30B8 /* Sources */,
				E2DD2F471AA262A600BB30B8 /* Frameworks */,
				E2DD2F481AA262A600BB30B8 /* Resources */,
			);
			buildRules = (
			);
			dependencies = (
			);
			name = BlocNotes;
			productName = BlocNotes;
			productReference = E2DD2F4A1AA262A600BB30B8 /* BlocNotes.app */;
			productType = "com.apple.product-type.application";
		};
		E2DD2F681AA262A600BB30B8 /* BlocNotesTests */ = {
			isa = PBXNativeTarget;
			buildConfigurationList = E2DD2F761AA262A600BB30B8 /* Build configuration list for PBXNativeTarget "BlocNotesTests" */;
			buildPhases = (
				E2DD2F651AA262A600BB30B8 /* Sources */,
				E2DD2F661AA262A600BB30B8 /* Frameworks */,
				E2DD2F671AA262A600BB30B8 /* Resources */,
			);
			buildRules = (
			);
			dependencies = (
				E2DD2F6B1AA262A600BB30B8 /* PBXTargetDependency */,
			);
			name = BlocNotesTests;
			productName = BlocNotesTests;
			productReference = E2DD2F691AA262A600BB30B8 /* BlocNotesTests.xctest */;
			productType = "com.apple.product-type.bundle.unit-test";
		};
/* End PBXNativeTarget section */

/* Begin PBXProject section */
		E2DD2F421AA262A600BB30B8 /* Project object */ = {
			isa = PBXProject;
			attributes = {
				LastUpgradeCheck = 0610;
				ORGANIZATIONNAME = Resolvex;
				TargetAttributes = {
					E2DD2F491AA262A600BB30B8 = {
						CreatedOnToolsVersion = 6.1.1;
					};
					E2DD2F681AA262A600BB30B8 = {
						CreatedOnToolsVersion = 6.1.1;
						TestTargetID = E2DD2F491AA262A600BB30B8;
					};
				};
			};
			buildConfigurationList = E2DD2F451AA262A600BB30B8 /* Build configuration list for PBXProject "BlocNotes" */;
			compatibilityVersion = "Xcode 3.2";
			developmentRegion = English;
			hasScannedForEncodings = 0;
			knownRegions = (
				en,
				Base,
			);
			mainGroup = E2DD2F411AA262A600BB30B8;
			productRefGroup = E2DD2F4B1AA262A600BB30B8 /* Products */;
			projectDirPath = "";
			projectRoot = "";
			targets = (
				E2DD2F491AA262A600BB30B8 /* BlocNotes */,
				E2DD2F681AA262A600BB30B8 /* BlocNotesTests */,
			);
		};
/* End PBXProject section */

/* Begin PBXResourcesBuildPhase section */
		E2DD2F481AA262A600BB30B8 /* Resources */ = {
			isa = PBXResourcesBuildPhase;
			buildActionMask = 2147483647;
			files = (
				E2DD2F5F1AA262A600BB30B8 /* Main.storyboard in Resources */,
				E2DD2F641AA262A600BB30B8 /* LaunchScreen.xib in Resources */,
				E2DD2F611AA262A600BB30B8 /* Images.xcassets in Resources */,
			);
			runOnlyForDeploymentPostprocessing = 0;
		};
		E2DD2F671AA262A600BB30B8 /* Resources */ = {
			isa = PBXResourcesBuildPhase;
			buildActionMask = 2147483647;
			files = (
			);
			runOnlyForDeploymentPostprocessing = 0;
		};
/* End PBXResourcesBuildPhase section */

/* Begin PBXSourcesBuildPhase section */
		E2DD2F461AA262A600BB30B8 /* Sources */ = {
			isa = PBXSourcesBuildPhase;
			buildActionMask = 2147483647;
			files = (
				E2DD2F5C1AA262A600BB30B8 /* DetailViewController.m in Sources */,
				E2DD2F591AA262A600BB30B8 /* MasterViewController.m in Sources */,
				E2DD2F531AA262A600BB30B8 /* AppDelegate.m in Sources */,
				E2DD2F561AA262A600BB30B8 /* BlocNotes.xcdatamodeld in Sources */,
				E2DD2F501AA262A600BB30B8 /* main.m in Sources */,
			);
			runOnlyForDeploymentPostprocessing = 0;
		};
		E2DD2F651AA262A600BB30B8 /* Sources */ = {
			isa = PBXSourcesBuildPhase;
			buildActionMask = 2147483647;
			files = (
				E2DD2F701AA262A600BB30B8 /* BlocNotesTests.m in Sources */,
			);
			runOnlyForDeploymentPostprocessing = 0;
		};
/* End PBXSourcesBuildPhase section */

/* Begin PBXTargetDependency section */
		E2DD2F6B1AA262A600BB30B8 /* PBXTargetDependency */ = {
			isa = PBXTargetDependency;
			target = E2DD2F491AA262A600BB30B8 /* BlocNotes */;
			targetProxy = E2DD2F6A1AA262A600BB30B8 /* PBXContainerItemProxy */;
		};
/* End PBXTargetDependency section */

/* Begin PBXVariantGroup section */
		E2DD2F5D1AA262A600BB30B8 /* Main.storyboard */ = {
			isa = PBXVariantGroup;
			children = (
				E2DD2F5E1AA262A600BB30B8 /* Base */,
			);
			name = Main.storyboard;
			sourceTree = "<group>";
		};
		E2DD2F621AA262A600BB30B8 /* LaunchScreen.xib */ = {
			isa = PBXVariantGroup;
			children = (
				E2DD2F631AA262A600BB30B8 /* Base */,
			);
			name = LaunchScreen.xib;
			sourceTree = "<group>";
		};
/* End PBXVariantGroup section */

/* Begin XCBuildConfiguration section */
		E2DD2F711AA262A600BB30B8 /* Debug */ = {
			isa = XCBuildConfiguration;
			buildSettings = {
				ALWAYS_SEARCH_USER_PATHS = NO;
				CLANG_CXX_LANGUAGE_STANDARD = "gnu++0x";
				CLANG_CXX_LIBRARY = "libc++";
				CLANG_ENABLE_MODULES = YES;
				CLANG_ENABLE_OBJC_ARC = YES;
				CLANG_WARN_BOOL_CONVERSION = YES;
				CLANG_WARN_CONSTANT_CONVERSION = YES;
				CLANG_WARN_DIRECT_OBJC_ISA_USAGE = YES_ERROR;
				CLANG_WARN_EMPTY_BODY = YES;
				CLANG_WARN_ENUM_CONVERSION = YES;
				CLANG_WARN_INT_CONVERSION = YES;
				CLANG_WARN_OBJC_ROOT_CLASS = YES_ERROR;
				CLANG_WARN_UNREACHABLE_CODE = YES;
				CLANG_WARN__DUPLICATE_METHOD_MATCH = YES;
				"CODE_SIGN_IDENTITY[sdk=iphoneos*]" = "iPhone Developer";
				COPY_PHASE_STRIP = NO;
				ENABLE_STRICT_OBJC_MSGSEND = YES;
				GCC_C_LANGUAGE_STANDARD = gnu99;
				GCC_DYNAMIC_NO_PIC = NO;
				GCC_OPTIMIZATION_LEVEL = 0;
				GCC_PREPROCESSOR_DEFINITIONS = (
					"DEBUG=1",
					"$(inherited)",
				);
				GCC_SYMBOLS_PRIVATE_EXTERN = NO;
				GCC_WARN_64_TO_32_BIT_CONVERSION = YES;
				GCC_WARN_ABOUT_RETURN_TYPE = YES_ERROR;
				GCC_WARN_UNDECLARED_SELECTOR = YES;
				GCC_WARN_UNINITIALIZED_AUTOS = YES_AGGRESSIVE;
				GCC_WARN_UNUSED_FUNCTION = YES;
				GCC_WARN_UNUSED_VARIABLE = YES;
				IPHONEOS_DEPLOYMENT_TARGET = 8.1;
				MTL_ENABLE_DEBUG_INFO = YES;
				ONLY_ACTIVE_ARCH = YES;
				SDKROOT = iphoneos;
				TARGETED_DEVICE_FAMILY = "1,2";
			};
			name = Debug;
		};
		E2DD2F721AA262A600BB30B8 /* Release */ = {
			isa = XCBuildConfiguration;
			buildSettings = {
				ALWAYS_SEARCH_USER_PATHS = NO;
				CLANG_CXX_LANGUAGE_STANDARD = "gnu++0x";
				CLANG_CXX_LIBRARY = "libc++";
				CLANG_ENABLE_MODULES = YES;
				CLANG_ENABLE_OBJC_ARC = YES;
				CLANG_WARN_BOOL_CONVERSION = YES;
				CLANG_WARN_CONSTANT_CONVERSION = YES;
				CLANG_WARN_DIRECT_OBJC_ISA_USAGE = YES_ERROR;
				CLANG_WARN_EMPTY_BODY = YES;
				CLANG_WARN_ENUM_CONVERSION = YES;
				CLANG_WARN_INT_CONVERSION = YES;
				CLANG_WARN_OBJC_ROOT_CLASS = YES_ERROR;
				CLANG_WARN_UNREACHABLE_CODE = YES;
				CLANG_WARN__DUPLICATE_METHOD_MATCH = YES;
				"CODE_SIGN_IDENTITY[sdk=iphoneos*]" = "iPhone Developer";
				COPY_PHASE_STRIP = YES;
				ENABLE_NS_ASSERTIONS = NO;
				ENABLE_STRICT_OBJC_MSGSEND = YES;
				GCC_C_LANGUAGE_STANDARD = gnu99;
				GCC_WARN_64_TO_32_BIT_CONVERSION = YES;
				GCC_WARN_ABOUT_RETURN_TYPE = YES_ERROR;
				GCC_WARN_UNDECLARED_SELECTOR = YES;
				GCC_WARN_UNINITIALIZED_AUTOS = YES_AGGRESSIVE;
				GCC_WARN_UNUSED_FUNCTION = YES;
				GCC_WARN_UNUSED_VARIABLE = YES;
				IPHONEOS_DEPLOYMENT_TARGET = 8.1;
				MTL_ENABLE_DEBUG_INFO = NO;
				SDKROOT = iphoneos;
				TARGETED_DEVICE_FAMILY = "1,2";
				VALIDATE_PRODUCT = YES;
			};
			name = Release;
		};
		E2DD2F741AA262A600BB30B8 /* Debug */ = {
			isa = XCBuildConfiguration;
			buildSettings = {
				ASSETCATALOG_COMPILER_APPICON_NAME = AppIcon;
				INFOPLIST_FILE = BlocNotes/Info.plist;
				IPHONEOS_DEPLOYMENT_TARGET = 8.1;
				LD_RUNPATH_SEARCH_PATHS = "$(inherited) @executable_path/Frameworks";
				PRODUCT_NAME = "$(TARGET_NAME)";
			};
			name = Debug;
		};
		E2DD2F751AA262A600BB30B8 /* Release */ = {
			isa = XCBuildConfiguration;
			buildSettings = {
				ASSETCATALOG_COMPILER_APPICON_NAME = AppIcon;
				INFOPLIST_FILE = BlocNotes/Info.plist;
				IPHONEOS_DEPLOYMENT_TARGET = 8.1;
				LD_RUNPATH_SEARCH_PATHS = "$(inherited) @executable_path/Frameworks";
				PRODUCT_NAME = "$(TARGET_NAME)";
			};
			name = Release;
		};
		E2DD2F771AA262A600BB30B8 /* Debug */ = {
			isa = XCBuildConfiguration;
			buildSettings = {
				BUNDLE_LOADER = "$(TEST_HOST)";
				FRAMEWORK_SEARCH_PATHS = (
					"$(SDKROOT)/Developer/Library/Frameworks",
					"$(inherited)",
				);
				GCC_PREPROCESSOR_DEFINITIONS = (
					"DEBUG=1",
					"$(inherited)",
				);
				INFOPLIST_FILE = BlocNotesTests/Info.plist;
				LD_RUNPATH_SEARCH_PATHS = "$(inherited) @executable_path/Frameworks @loader_path/Frameworks";
				PRODUCT_NAME = "$(TARGET_NAME)";
				TEST_HOST = "$(BUILT_PRODUCTS_DIR)/BlocNotes.app/BlocNotes";
			};
			name = Debug;
		};
		E2DD2F781AA262A600BB30B8 /* Release */ = {
			isa = XCBuildConfiguration;
			buildSettings = {
				BUNDLE_LOADER = "$(TEST_HOST)";
				FRAMEWORK_SEARCH_PATHS = (
					"$(SDKROOT)/Developer/Library/Frameworks",
					"$(inherited)",
				);
				INFOPLIST_FILE = BlocNotesTests/Info.plist;
				LD_RUNPATH_SEARCH_PATHS = "$(inherited) @executable_path/Frameworks @loader_path/Frameworks";
				PRODUCT_NAME = "$(TARGET_NAME)";
				TEST_HOST = "$(BUILT_PRODUCTS_DIR)/BlocNotes.app/BlocNotes";
			};
			name = Release;
		};
/* End XCBuildConfiguration section */

/* Begin XCConfigurationList section */
		E2DD2F451AA262A600BB30B8 /* Build configuration list for PBXProject "BlocNotes" */ = {
			isa = XCConfigurationList;
			buildConfigurations = (
				E2DD2F711AA262A600BB30B8 /* Debug */,
				E2DD2F721AA262A600BB30B8 /* Release */,
			);
			defaultConfigurationIsVisible = 0;
			defaultConfigurationName = Release;
		};
		E2DD2F731AA262A600BB30B8 /* Build configuration list for PBXNativeTarget "BlocNotes" */ = {
			isa = XCConfigurationList;
			buildConfigurations = (
				E2DD2F741AA262A600BB30B8 /* Debug */,
				E2DD2F751AA262A600BB30B8 /* Release */,
			);
			defaultConfigurationIsVisible = 0;
		};
		E2DD2F761AA262A600BB30B8 /* Build configuration list for PBXNativeTarget "BlocNotesTests" */ = {
			isa = XCConfigurationList;
			buildConfigurations = (
				E2DD2F771AA262A600BB30B8 /* Debug */,
				E2DD2F781AA262A600BB30B8 /* Release */,
			);
			defaultConfigurationIsVisible = 0;
		};
/* End XCConfigurationList section */

/* Begin XCVersionGroup section */
		E2DD2F541AA262A600BB30B8 /* BlocNotes.xcdatamodeld */ = {
			isa = XCVersionGroup;
			children = (
				E2DD2F551AA262A600BB30B8 /* BlocNotes.xcdatamodel */,
			);
			currentVersion = E2DD2F551AA262A600BB30B8 /* BlocNotes.xcdatamodel */;
			path = BlocNotes.xcdatamodeld;
			sourceTree = "<group>";
			versionGroupType = wrapper.xcdatamodel;
		};
/* End XCVersionGroup section */
	};
	rootObject = E2DD2F421AA262A600BB30B8 /* Project object */;
}
